
Microsoft Visual Studio Solution File, Format Version 12.00
# Visual Studio Version 16
VisualStudioVersion = 16.0.30320.27
MinimumVisualStudioVersion = 10.0.40219.1
Project("{9A19103F-16F7-4668-BE54-9A1E7A4F7556}") = "View.Gui", "src\View.Gui\View.Gui.csproj", "{6E6E63AA-39A7-4CD9-9DB2-F7065A299839}"
EndProject
Global
	GlobalSection(SolutionConfigurationPlatforms) = preSolution
		Debug|Any CPU = Debug|Any CPU
		Release|Any CPU = Release|Any CPU
	EndGlobalSection
	GlobalSection(ProjectConfigurationPlatforms) = postSolution
		{6E6E63AA-39A7-4CD9-9DB2-F7065A299839}.Debug|Any CPU.ActiveCfg = Debug|Any CPU
		{6E6E63AA-39A7-4CD9-9DB2-F7065A299839}.Debug|Any CPU.Build.0 = Debug|Any CPU
		{6E6E63AA-39A7-4CD9-9DB2-F7065A299839}.Release|Any CPU.ActiveCfg = Release|Any CPU
		{6E6E63AA-39A7-4CD9-9DB2-F7065A299839}.Release|Any CPU.Build.0 = Release|Any CPU
	EndGlobalSection
	GlobalSection(SolutionProperties) = preSolution
		HideSolutionNode = FALSE
	EndGlobalSection
	GlobalSection(ExtensibilityGlobals) = postSolution
		SolutionGuid = {FF568A15-4FA6-4930-8FE7-16A622E7DDC9}
	EndGlobalSection
EndGlobal
