
Microsoft Visual Studio Solution File, Format Version 12.00
# Visual Studio Version 16
VisualStudioVersion = 16.0.30320.27
MinimumVisualStudioVersion = 10.0.40219.1
Project("{FAE04EC0-301F-11D3-BF4B-00C04F79EFBC}") = "View.Gui", "View.Gui\View.Gui.csproj", "{05B0C4B6-94ED-4C9F-91D9-8419DBF1D157}"
EndProject
Global
	GlobalSection(SolutionConfigurationPlatforms) = preSolution
		Debug|Any CPU = Debug|Any CPU
		Release|Any CPU = Release|Any CPU
	EndGlobalSection
	GlobalSection(ProjectConfigurationPlatforms) = postSolution
		{05B0C4B6-94ED-4C9F-91D9-8419DBF1D157}.Debug|Any CPU.ActiveCfg = Debug|Any CPU
		{05B0C4B6-94ED-4C9F-91D9-8419DBF1D157}.Debug|Any CPU.Build.0 = Debug|Any CPU
		{05B0C4B6-94ED-4C9F-91D9-8419DBF1D157}.Release|Any CPU.ActiveCfg = Release|Any CPU
		{05B0C4B6-94ED-4C9F-91D9-8419DBF1D157}.Release|Any CPU.Build.0 = Release|Any CPU
	EndGlobalSection
	GlobalSection(SolutionProperties) = preSolution
		HideSolutionNode = FALSE
	EndGlobalSection
	GlobalSection(ExtensibilityGlobals) = postSolution
		SolutionGuid = {FF568A15-4FA6-4930-8FE7-16A622E7DDC9}
	EndGlobalSection
EndGlobal
